// !$*UTF8*$!
{
	archiveVersion = 1;
	classes = {
	};
	objectVersion = 55;
	objects = {

/* Begin PBXBuildFile section */
		F504FF8C281A534800C5184C /* AppDelegate.swift in Sources */ = {isa = PBXBuildFile; fileRef = F504FF8B281A534800C5184C /* AppDelegate.swift */; };
		F504FF8E281A534800C5184C /* SceneDelegate.swift in Sources */ = {isa = PBXBuildFile; fileRef = F504FF8D281A534800C5184C /* SceneDelegate.swift */; };
		F504FF90281A534800C5184C /* ViewController.swift in Sources */ = {isa = PBXBuildFile; fileRef = F504FF8F281A534800C5184C /* ViewController.swift */; };
		F504FF93281A534800C5184C /* Main.storyboard in Resources */ = {isa = PBXBuildFile; fileRef = F504FF91281A534800C5184C /* Main.storyboard */; };
		F504FF95281A534800C5184C /* Assets.xcassets in Resources */ = {isa = PBXBuildFile; fileRef = F504FF94281A534800C5184C /* Assets.xcassets */; };
		F504FF98281A534800C5184C /* LaunchScreen.storyboard in Resources */ = {isa = PBXBuildFile; fileRef = F504FF96281A534800C5184C /* LaunchScreen.storyboard */; };
		F51FBCCE2835FA1000624CD0 /* WeatherNetworkManager.swift in Sources */ = {isa = PBXBuildFile; fileRef = F51FBCCD2835FA1000624CD0 /* WeatherNetworkManager.swift */; };
		F51FBCD02835FCFD00624CD0 /* URLSessionModel.swift in Sources */ = {isa = PBXBuildFile; fileRef = F51FBCCF2835FCFD00624CD0 /* URLSessionModel.swift */; };
		F5B2370E281A651400E35E29 /* ViewController + alertController.swift in Sources */ = {isa = PBXBuildFile; fileRef = F5B2370D281A651400E35E29 /* ViewController + alertController.swift */; };
/* End PBXBuildFile section */

/* Begin PBXFileReference section */
		F504FF88281A534800C5184C /* WeatherApp.app */ = {isa = PBXFileReference; explicitFileType = wrapper.application; includeInIndex = 0; path = WeatherApp.app; sourceTree = BUILT_PRODUCTS_DIR; };
		F504FF8B281A534800C5184C /* AppDelegate.swift */ = {isa = PBXFileReference; lastKnownFileType = sourcecode.swift; path = AppDelegate.swift; sourceTree = "<group>"; };
		F504FF8D281A534800C5184C /* SceneDelegate.swift */ = {isa = PBXFileReference; lastKnownFileType = sourcecode.swift; path = SceneDelegate.swift; sourceTree = "<group>"; };
		F504FF8F281A534800C5184C /* ViewController.swift */ = {isa = PBXFileReference; lastKnownFileType = sourcecode.swift; path = ViewController.swift; sourceTree = "<group>"; };
		F504FF92281A534800C5184C /* Base */ = {isa = PBXFileReference; lastKnownFileType = file.storyboard; name = Base; path = Base.lproj/Main.storyboard; sourceTree = "<group>"; };
		F504FF94281A534800C5184C /* Assets.xcassets */ = {isa = PBXFileReference; lastKnownFileType = folder.assetcatalog; path = Assets.xcassets; sourceTree = "<group>"; };
		F504FF97281A534800C5184C /* Base */ = {isa = PBXFileReference; lastKnownFileType = file.storyboard; name = Base; path = Base.lproj/LaunchScreen.storyboard; sourceTree = "<group>"; };
		F504FF99281A534800C5184C /* Info.plist */ = {isa = PBXFileReference; lastKnownFileType = text.plist.xml; path = Info.plist; sourceTree = "<group>"; };
		F51FBCCD2835FA1000624CD0 /* WeatherNetworkManager.swift */ = {isa = PBXFileReference; lastKnownFileType = sourcecode.swift; path = WeatherNetworkManager.swift; sourceTree = "<group>"; };
		F51FBCCF2835FCFD00624CD0 /* URLSessionModel.swift */ = {isa = PBXFileReference; lastKnownFileType = sourcecode.swift; path = URLSessionModel.swift; sourceTree = "<group>"; };
		F5B2370D281A651400E35E29 /* ViewController + alertController.swift */ = {isa = PBXFileReference; lastKnownFileType = sourcecode.swift; path = "ViewController + alertController.swift"; sourceTree = "<group>"; };
/* End PBXFileReference section */

/* Begin PBXFrameworksBuildPhase section */
		F504FF85281A534800C5184C /* Frameworks */ = {
			isa = PBXFrameworksBuildPhase;
			buildActionMask = 2147483647;
			files = (
			);
			runOnlyForDeploymentPostprocessing = 0;
		};
/* End PBXFrameworksBuildPhase section */

/* Begin PBXGroup section */
		F504FF7F281A534800C5184C = {
			isa = PBXGroup;
			children = (
				F504FF8A281A534800C5184C /* WeatherApp */,
				F504FF89281A534800C5184C /* Products */,
			);
			sourceTree = "<group>";
		};
		F504FF89281A534800C5184C /* Products */ = {
			isa = PBXGroup;
			children = (
				F504FF88281A534800C5184C /* WeatherApp.app */,
			);
			name = Products;
			sourceTree = "<group>";
		};
		F504FF8A281A534800C5184C /* WeatherApp */ = {
			isa = PBXGroup;
			children = (
				F51FBCCC2835F9EE00624CD0 /* Services */,
				F504FFA3281A53CA00C5184C /* Extensions */,
				F504FFA2281A53C200C5184C /* Models */,
				F504FFA1281A53B000C5184C /* View Controllers */,
				F504FFA0281A537800C5184C /* Views(storyboards) */,
				F504FF9F281A535300C5184C /* SupportingFiles */,
			);
			path = WeatherApp;
			sourceTree = "<group>";
		};
		F504FF9F281A535300C5184C /* SupportingFiles */ = {
			isa = PBXGroup;
			children = (
				F504FF94281A534800C5184C /* Assets.xcassets */,
				F504FF8B281A534800C5184C /* AppDelegate.swift */,
				F504FF8D281A534800C5184C /* SceneDelegate.swift */,
				F504FF99281A534800C5184C /* Info.plist */,
			);
			path = SupportingFiles;
			sourceTree = "<group>";
		};
		F504FFA0281A537800C5184C /* Views(storyboards) */ = {
			isa = PBXGroup;
			children = (
				F504FF91281A534800C5184C /* Main.storyboard */,
				F504FF96281A534800C5184C /* LaunchScreen.storyboard */,
			);
			path = "Views(storyboards)";
			sourceTree = "<group>";
		};
		F504FFA1281A53B000C5184C /* View Controllers */ = {
			isa = PBXGroup;
			children = (
				F504FF8F281A534800C5184C /* ViewController.swift */,
			);
			path = "View Controllers";
			sourceTree = "<group>";
		};
		F504FFA2281A53C200C5184C /* Models */ = {
			isa = PBXGroup;
			children = (
				F51FBCCF2835FCFD00624CD0 /* URLSessionModel.swift */,
			);
			path = Models;
			sourceTree = "<group>";
		};
		F504FFA3281A53CA00C5184C /* Extensions */ = {
			isa = PBXGroup;
			children = (
				F5B2370D281A651400E35E29 /* ViewController + alertController.swift */,
			);
			path = Extensions;
			sourceTree = "<group>";
		};
		F51FBCCC2835F9EE00624CD0 /* Services */ = {
			isa = PBXGroup;
			children = (
				F51FBCCD2835FA1000624CD0 /* WeatherNetworkManager.swift */,
			);
			path = Services;
			sourceTree = "<group>";
		};
/* End PBXGroup section */

/* Begin PBXNativeTarget section */
		F504FF87281A534800C5184C /* WeatherApp */ = {
			isa = PBXNativeTarget;
			buildConfigurationList = F504FF9C281A534800C5184C /* Build configuration list for PBXNativeTarget "WeatherApp" */;
			buildPhases = (
				F504FF84281A534800C5184C /* Sources */,
				F504FF85281A534800C5184C /* Frameworks */,
				F504FF86281A534800C5184C /* Resources */,
			);
			buildRules = (
			);
			dependencies = (
			);
			name = WeatherApp;
			productName = WeatherApp;
			productReference = F504FF88281A534800C5184C /* WeatherApp.app */;
			productType = "com.apple.product-type.application";
		};
/* End PBXNativeTarget section */

/* Begin PBXProject section */
		F504FF80281A534800C5184C /* Project object */ = {
			isa = PBXProject;
			attributes = {
				BuildIndependentTargetsInParallel = 1;
				LastSwiftUpdateCheck = 1320;
				LastUpgradeCheck = 1320;
				TargetAttributes = {
					F504FF87281A534800C5184C = {
						CreatedOnToolsVersion = 13.2.1;
					};
				};
			};
			buildConfigurationList = F504FF83281A534800C5184C /* Build configuration list for PBXProject "WeatherApp" */;
			compatibilityVersion = "Xcode 13.0";
			developmentRegion = en;
			hasScannedForEncodings = 0;
			knownRegions = (
				en,
				Base,
			);
			mainGroup = F504FF7F281A534800C5184C;
			productRefGroup = F504FF89281A534800C5184C /* Products */;
			projectDirPath = "";
			projectRoot = "";
			targets = (
				F504FF87281A534800C5184C /* WeatherApp */,
			);
		};
/* End PBXProject section */

/* Begin PBXResourcesBuildPhase section */
		F504FF86281A534800C5184C /* Resources */ = {
			isa = PBXResourcesBuildPhase;
			buildActionMask = 2147483647;
			files = (
				F504FF98281A534800C5184C /* LaunchScreen.storyboard in Resources */,
				F504FF95281A534800C5184C /* Assets.xcassets in Resources */,
				F504FF93281A534800C5184C /* Main.storyboard in Resources */,
			);
			runOnlyForDeploymentPostprocessing = 0;
		};
/* End PBXResourcesBuildPhase section */

/* Begin PBXSourcesBuildPhase section */
		F504FF84281A534800C5184C /* Sources */ = {
			isa = PBXSourcesBuildPhase;
			buildActionMask = 2147483647;
			files = (
				F51FBCD02835FCFD00624CD0 /* URLSessionModel.swift in Sources */,
				F504FF90281A534800C5184C /* ViewController.swift in Sources */,
				F504FF8C281A534800C5184C /* AppDelegate.swift in Sources */,
				F51FBCCE2835FA1000624CD0 /* WeatherNetworkManager.swift in Sources */,
				F504FF8E281A534800C5184C /* SceneDelegate.swift in Sources */,
				F5B2370E281A651400E35E29 /* ViewController + alertController.swift in Sources */,
			);
			runOnlyForDeploymentPostprocessing = 0;
		};
/* End PBXSourcesBuildPhase section */

/* Begin PBXVariantGroup section */
		F504FF91281A534800C5184C /* Main.storyboard */ = {
			isa = PBXVariantGroup;
			children = (
				F504FF92281A534800C5184C /* Base */,
			);
			name = Main.storyboard;
			sourceTree = "<group>";
		};
		F504FF96281A534800C5184C /* LaunchScreen.storyboard */ = {
			isa = PBXVariantGroup;
			children = (
				F504FF97281A534800C5184C /* Base */,
			);
			name = LaunchScreen.storyboard;
			sourceTree = "<group>";
		};
/* End PBXVariantGroup section */

/* Begin XCBuildConfiguration section */
		F504FF9A281A534800C5184C /* Debug */ = {
			isa = XCBuildConfiguration;
			buildSettings = {
				ALWAYS_SEARCH_USER_PATHS = NO;
				CLANG_ANALYZER_NONNULL = YES;
				CLANG_ANALYZER_NUMBER_OBJECT_CONVERSION = YES_AGGRESSIVE;
				CLANG_CXX_LANGUAGE_STANDARD = "gnu++17";
				CLANG_CXX_LIBRARY = "libc++";
				CLANG_ENABLE_MODULES = YES;
				CLANG_ENABLE_OBJC_ARC = YES;
				CLANG_ENABLE_OBJC_WEAK = YES;
				CLANG_WARN_BLOCK_CAPTURE_AUTORELEASING = YES;
				CLANG_WARN_BOOL_CONVERSION = YES;
				CLANG_WARN_COMMA = YES;
				CLANG_WARN_CONSTANT_CONVERSION = YES;
				CLANG_WARN_DEPRECATED_OBJC_IMPLEMENTATIONS = YES;
				CLANG_WARN_DIRECT_OBJC_ISA_USAGE = YES_ERROR;
				CLANG_WARN_DOCUMENTATION_COMMENTS = YES;
				CLANG_WARN_EMPTY_BODY = YES;
				CLANG_WARN_ENUM_CONVERSION = YES;
				CLANG_WARN_INFINITE_RECURSION = YES;
				CLANG_WARN_INT_CONVERSION = YES;
				CLANG_WARN_NON_LITERAL_NULL_CONVERSION = YES;
				CLANG_WARN_OBJC_IMPLICIT_RETAIN_SELF = YES;
				CLANG_WARN_OBJC_LITERAL_CONVERSION = YES;
				CLANG_WARN_OBJC_ROOT_CLASS = YES_ERROR;
				CLANG_WARN_QUOTED_INCLUDE_IN_FRAMEWORK_HEADER = YES;
				CLANG_WARN_RANGE_LOOP_ANALYSIS = YES;
				CLANG_WARN_STRICT_PROTOTYPES = YES;
				CLANG_WARN_SUSPICIOUS_MOVE = YES;
				CLANG_WARN_UNGUARDED_AVAILABILITY = YES_AGGRESSIVE;
				CLANG_WARN_UNREACHABLE_CODE = YES;
				CLANG_WARN__DUPLICATE_METHOD_MATCH = YES;
				COPY_PHASE_STRIP = NO;
				DEBUG_INFORMATION_FORMAT = dwarf;
				ENABLE_STRICT_OBJC_MSGSEND = YES;
				ENABLE_TESTABILITY = YES;
				GCC_C_LANGUAGE_STANDARD = gnu11;
				GCC_DYNAMIC_NO_PIC = NO;
				GCC_NO_COMMON_BLOCKS = YES;
				GCC_OPTIMIZATION_LEVEL = 0;
				GCC_PREPROCESSOR_DEFINITIONS = (
					"DEBUG=1",
					"$(inherited)",
				);
				GCC_WARN_64_TO_32_BIT_CONVERSION = YES;
				GCC_WARN_ABOUT_RETURN_TYPE = YES_ERROR;
				GCC_WARN_UNDECLARED_SELECTOR = YES;
				GCC_WARN_UNINITIALIZED_AUTOS = YES_AGGRESSIVE;
				GCC_WARN_UNUSED_FUNCTION = YES;
				GCC_WARN_UNUSED_VARIABLE = YES;
				IPHONEOS_DEPLOYMENT_TARGET = 15.2;
				MTL_ENABLE_DEBUG_INFO = INCLUDE_SOURCE;
				MTL_FAST_MATH = YES;
				ONLY_ACTIVE_ARCH = YES;
				SDKROOT = iphoneos;
				SWIFT_ACTIVE_COMPILATION_CONDITIONS = DEBUG;
				SWIFT_OPTIMIZATION_LEVEL = "-Onone";
			};
			name = Debug;
		};
		F504FF9B281A534800C5184C /* Release */ = {
			isa = XCBuildConfiguration;
			buildSettings = {
				ALWAYS_SEARCH_USER_PATHS = NO;
				CLANG_ANALYZER_NONNULL = YES;
				CLANG_ANALYZER_NUMBER_OBJECT_CONVERSION = YES_AGGRESSIVE;
				CLANG_CXX_LANGUAGE_STANDARD = "gnu++17";
				CLANG_CXX_LIBRARY = "libc++";
				CLANG_ENABLE_MODULES = YES;
				CLANG_ENABLE_OBJC_ARC = YES;
				CLANG_ENABLE_OBJC_WEAK = YES;
				CLANG_WARN_BLOCK_CAPTURE_AUTORELEASING = YES;
				CLANG_WARN_BOOL_CONVERSION = YES;
				CLANG_WARN_COMMA = YES;
				CLANG_WARN_CONSTANT_CONVERSION = YES;
				CLANG_WARN_DEPRECATED_OBJC_IMPLEMENTATIONS = YES;
				CLANG_WARN_DIRECT_OBJC_ISA_USAGE = YES_ERROR;
				CLANG_WARN_DOCUMENTATION_COMMENTS = YES;
				CLANG_WARN_EMPTY_BODY = YES;
				CLANG_WARN_ENUM_CONVERSION = YES;
				CLANG_WARN_INFINITE_RECURSION = YES;
				CLANG_WARN_INT_CONVERSION = YES;
				CLANG_WARN_NON_LITERAL_NULL_CONVERSION = YES;
				CLANG_WARN_OBJC_IMPLICIT_RETAIN_SELF = YES;
				CLANG_WARN_OBJC_LITERAL_CONVERSION = YES;
				CLANG_WARN_OBJC_ROOT_CLASS = YES_ERROR;
				CLANG_WARN_QUOTED_INCLUDE_IN_FRAMEWORK_HEADER = YES;
				CLANG_WARN_RANGE_LOOP_ANALYSIS = YES;
				CLANG_WARN_STRICT_PROTOTYPES = YES;
				CLANG_WARN_SUSPICIOUS_MOVE = YES;
				CLANG_WARN_UNGUARDED_AVAILABILITY = YES_AGGRESSIVE;
				CLANG_WARN_UNREACHABLE_CODE = YES;
				CLANG_WARN__DUPLICATE_METHOD_MATCH = YES;
				COPY_PHASE_STRIP = NO;
				DEBUG_INFORMATION_FORMAT = "dwarf-with-dsym";
				ENABLE_NS_ASSERTIONS = NO;
				ENABLE_STRICT_OBJC_MSGSEND = YES;
				GCC_C_LANGUAGE_STANDARD = gnu11;
				GCC_NO_COMMON_BLOCKS = YES;
				GCC_WARN_64_TO_32_BIT_CONVERSION = YES;
				GCC_WARN_ABOUT_RETURN_TYPE = YES_ERROR;
				GCC_WARN_UNDECLARED_SELECTOR = YES;
				GCC_WARN_UNINITIALIZED_AUTOS = YES_AGGRESSIVE;
				GCC_WARN_UNUSED_FUNCTION = YES;
				GCC_WARN_UNUSED_VARIABLE = YES;
				IPHONEOS_DEPLOYMENT_TARGET = 15.2;
				MTL_ENABLE_DEBUG_INFO = NO;
				MTL_FAST_MATH = YES;
				SDKROOT = iphoneos;
				SWIFT_COMPILATION_MODE = wholemodule;
				SWIFT_OPTIMIZATION_LEVEL = "-O";
				VALIDATE_PRODUCT = YES;
			};
			name = Release;
		};
		F504FF9D281A534800C5184C /* Debug */ = {
			isa = XCBuildConfiguration;
			buildSettings = {
				ASSETCATALOG_COMPILER_APPICON_NAME = AppIcon;
				ASSETCATALOG_COMPILER_GLOBAL_ACCENT_COLOR_NAME = AccentColor;
				CODE_SIGN_STYLE = Automatic;
				CURRENT_PROJECT_VERSION = 1;
				DEVELOPMENT_TEAM = 66WJ77VJ88;
				GENERATE_INFOPLIST_FILE = YES;
				INFOPLIST_FILE = WeatherApp/SupportingFiles/Info.plist;
				INFOPLIST_KEY_UIApplicationSupportsIndirectInputEvents = YES;
				INFOPLIST_KEY_UILaunchStoryboardName = LaunchScreen;
				INFOPLIST_KEY_UIMainStoryboardFile = Main;
				INFOPLIST_KEY_UISupportedInterfaceOrientations_iPad = "UIInterfaceOrientationPortrait UIInterfaceOrientationPortraitUpsideDown UIInterfaceOrientationLandscapeLeft UIInterfaceOrientationLandscapeRight";
				INFOPLIST_KEY_UISupportedInterfaceOrientations_iPhone = "UIInterfaceOrientationPortrait UIInterfaceOrientationLandscapeLeft UIInterfaceOrientationLandscapeRight";
				LD_RUNPATH_SEARCH_PATHS = (
					"$(inherited)",
					"@executable_path/Frameworks",
				);
				MARKETING_VERSION = 1.0;
				PRODUCT_BUNDLE_IDENTIFIER = learn.WeatherApp;
				PRODUCT_NAME = "$(TARGET_NAME)";
				SWIFT_EMIT_LOC_STRINGS = YES;
				SWIFT_VERSION = 5.0;
				TARGETED_DEVICE_FAMILY = "1,2";
			};
			name = Debug;
		};
		F504FF9E281A534800C5184C /* Release */ = {
			isa = XCBuildConfiguration;
			buildSettings = {
				ASSETCATALOG_COMPILER_APPICON_NAME = AppIcon;
				ASSETCATALOG_COMPILER_GLOBAL_ACCENT_COLOR_NAME = AccentColor;
				CODE_SIGN_STYLE = Automatic;
				CURRENT_PROJECT_VERSION = 1;
				DEVELOPMENT_TEAM = 66WJ77VJ88;
				GENERATE_INFOPLIST_FILE = YES;
				INFOPLIST_FILE = WeatherApp/SupportingFiles/Info.plist;
				INFOPLIST_KEY_UIApplicationSupportsIndirectInputEvents = YES;
				INFOPLIST_KEY_UILaunchStoryboardName = LaunchScreen;
				INFOPLIST_KEY_UIMainStoryboardFile = Main;
				INFOPLIST_KEY_UISupportedInterfaceOrientations_iPad = "UIInterfaceOrientationPortrait UIInterfaceOrientationPortraitUpsideDown UIInterfaceOrientationLandscapeLeft UIInterfaceOrientationLandscapeRight";
				INFOPLIST_KEY_UISupportedInterfaceOrientations_iPhone = "UIInterfaceOrientationPortrait UIInterfaceOrientationLandscapeLeft UIInterfaceOrientationLandscapeRight";
				LD_RUNPATH_SEARCH_PATHS = (
					"$(inherited)",
					"@executable_path/Frameworks",
				);
				MARKETING_VERSION = 1.0;
				PRODUCT_BUNDLE_IDENTIFIER = learn.WeatherApp;
				PRODUCT_NAME = "$(TARGET_NAME)";
				SWIFT_EMIT_LOC_STRINGS = YES;
				SWIFT_VERSION = 5.0;
				TARGETED_DEVICE_FAMILY = "1,2";
			};
			name = Release;
		};
/* End XCBuildConfiguration section */

/* Begin XCConfigurationList section */
		F504FF83281A534800C5184C /* Build configuration list for PBXProject "WeatherApp" */ = {
			isa = XCConfigurationList;
			buildConfigurations = (
				F504FF9A281A534800C5184C /* Debug */,
				F504FF9B281A534800C5184C /* Release */,
			);
			defaultConfigurationIsVisible = 0;
			defaultConfigurationName = Release;
		};
		F504FF9C281A534800C5184C /* Build configuration list for PBXNativeTarget "WeatherApp" */ = {
			isa = XCConfigurationList;
			buildConfigurations = (
				F504FF9D281A534800C5184C /* Debug */,
				F504FF9E281A534800C5184C /* Release */,
			);
			defaultConfigurationIsVisible = 0;
			defaultConfigurationName = Release;
		};
/* End XCConfigurationList section */
	};
	rootObject = F504FF80281A534800C5184C /* Project object */;
}
